// !$*UTF8*$!
{
	archiveVersion = 1;
	classes = {
	};
	objectVersion = 46;
	objects = {

/* Begin PBXBuildFile section */
		CB11B0DD1CF76CAB0009B927 /* JBFVineClient.m in Sources */ = {isa = PBXBuildFile; fileRef = CB11B0DC1CF76CAB0009B927 /* JBFVineClient.m */; };
		CB11B0E01CF76CCD0009B927 /* JBFVine.m in Sources */ = {isa = PBXBuildFile; fileRef = CB11B0DF1CF76CCD0009B927 /* JBFVine.m */; };
		CB11B0E21CF76E7A0009B927 /* JBFLoginViewController.swift in Sources */ = {isa = PBXBuildFile; fileRef = CB11B0E11CF76E7A0009B927 /* JBFLoginViewController.swift */; };
		CBF4314D1CF60732005D80EA /* AppDelegate.swift in Sources */ = {isa = PBXBuildFile; fileRef = CBF4314C1CF60732005D80EA /* AppDelegate.swift */; };
		CBF431521CF60732005D80EA /* Main.storyboard in Resources */ = {isa = PBXBuildFile; fileRef = CBF431501CF60732005D80EA /* Main.storyboard */; };
		CBF431541CF60732005D80EA /* Assets.xcassets in Resources */ = {isa = PBXBuildFile; fileRef = CBF431531CF60732005D80EA /* Assets.xcassets */; };
		CBF431571CF60732005D80EA /* LaunchScreen.storyboard in Resources */ = {isa = PBXBuildFile; fileRef = CBF431551CF60732005D80EA /* LaunchScreen.storyboard */; };
		CBF431621CF60732005D80EA /* ReVineTests.swift in Sources */ = {isa = PBXBuildFile; fileRef = CBF431611CF60732005D80EA /* ReVineTests.swift */; };
		CBF4316D1CF60732005D80EA /* ReVineUITests.swift in Sources */ = {isa = PBXBuildFile; fileRef = CBF4316C1CF60732005D80EA /* ReVineUITests.swift */; };
		CBF4317B1CF607E7005D80EA /* JBFVineFeedCollectionViewController.swift in Sources */ = {isa = PBXBuildFile; fileRef = CBF4317A1CF607E7005D80EA /* JBFVineFeedCollectionViewController.swift */; };
		CBF4317D1CF60816005D80EA /* JBFVinePostCollectionViewCell.swift in Sources */ = {isa = PBXBuildFile; fileRef = CBF4317C1CF60816005D80EA /* JBFVinePostCollectionViewCell.swift */; };
		CBF4317F1CF60826005D80EA /* JBFVinePost.swift in Sources */ = {isa = PBXBuildFile; fileRef = CBF4317E1CF60826005D80EA /* JBFVinePost.swift */; };
		DC9ADFED065C5B2D8DD18198 /* Pods_ReVine.framework in Frameworks */ = {isa = PBXBuildFile; fileRef = D8800B15AAC8B3C8A9AE25F7 /* Pods_ReVine.framework */; };
/* End PBXBuildFile section */

/* Begin PBXContainerItemProxy section */
		CBF4315E1CF60732005D80EA /* PBXContainerItemProxy */ = {
			isa = PBXContainerItemProxy;
			containerPortal = CBF431411CF60732005D80EA /* Project object */;
			proxyType = 1;
			remoteGlobalIDString = CBF431481CF60732005D80EA;
			remoteInfo = ReVine;
		};
		CBF431691CF60732005D80EA /* PBXContainerItemProxy */ = {
			isa = PBXContainerItemProxy;
			containerPortal = CBF431411CF60732005D80EA /* Project object */;
			proxyType = 1;
			remoteGlobalIDString = CBF431481CF60732005D80EA;
			remoteInfo = ReVine;
		};
/* End PBXContainerItemProxy section */

/* Begin PBXFileReference section */
		11E15886168999BA4099760C /* Pods-ReVine.debug.xcconfig */ = {isa = PBXFileReference; includeInIndex = 1; lastKnownFileType = text.xcconfig; name = "Pods-ReVine.debug.xcconfig"; path = "Pods/Target Support Files/Pods-ReVine/Pods-ReVine.debug.xcconfig"; sourceTree = "<group>"; };
		680CBB7E7357DB348E82E6AD /* Pods-ReVine.release.xcconfig */ = {isa = PBXFileReference; includeInIndex = 1; lastKnownFileType = text.xcconfig; name = "Pods-ReVine.release.xcconfig"; path = "Pods/Target Support Files/Pods-ReVine/Pods-ReVine.release.xcconfig"; sourceTree = "<group>"; };
		CB11B0DA1CF76CAB0009B927 /* ReVine-Bridging-Header.h */ = {isa = PBXFileReference; lastKnownFileType = sourcecode.c.h; path = "ReVine-Bridging-Header.h"; sourceTree = "<group>"; };
		CB11B0DB1CF76CAB0009B927 /* JBFVineClient.h */ = {isa = PBXFileReference; fileEncoding = 4; lastKnownFileType = sourcecode.c.h; path = JBFVineClient.h; sourceTree = "<group>"; };
		CB11B0DC1CF76CAB0009B927 /* JBFVineClient.m */ = {isa = PBXFileReference; fileEncoding = 4; lastKnownFileType = sourcecode.c.objc; path = JBFVineClient.m; sourceTree = "<group>"; };
		CB11B0DE1CF76CCD0009B927 /* JBFVine.h */ = {isa = PBXFileReference; fileEncoding = 4; lastKnownFileType = sourcecode.c.h; path = JBFVine.h; sourceTree = "<group>"; };
		CB11B0DF1CF76CCD0009B927 /* JBFVine.m */ = {isa = PBXFileReference; fileEncoding = 4; lastKnownFileType = sourcecode.c.objc; path = JBFVine.m; sourceTree = "<group>"; };
		CB11B0E11CF76E7A0009B927 /* JBFLoginViewController.swift */ = {isa = PBXFileReference; fileEncoding = 4; lastKnownFileType = sourcecode.swift; path = JBFLoginViewController.swift; sourceTree = "<group>"; };
		CBF431491CF60732005D80EA /* ReVine.app */ = {isa = PBXFileReference; explicitFileType = wrapper.application; includeInIndex = 0; path = ReVine.app; sourceTree = BUILT_PRODUCTS_DIR; };
		CBF4314C1CF60732005D80EA /* AppDelegate.swift */ = {isa = PBXFileReference; lastKnownFileType = sourcecode.swift; path = AppDelegate.swift; sourceTree = "<group>"; };
		CBF431511CF60732005D80EA /* Base */ = {isa = PBXFileReference; lastKnownFileType = file.storyboard; name = Base; path = Base.lproj/Main.storyboard; sourceTree = "<group>"; };
		CBF431531CF60732005D80EA /* Assets.xcassets */ = {isa = PBXFileReference; lastKnownFileType = folder.assetcatalog; path = Assets.xcassets; sourceTree = "<group>"; };
		CBF431561CF60732005D80EA /* Base */ = {isa = PBXFileReference; lastKnownFileType = file.storyboard; name = Base; path = Base.lproj/LaunchScreen.storyboard; sourceTree = "<group>"; };
		CBF431581CF60732005D80EA /* Info.plist */ = {isa = PBXFileReference; lastKnownFileType = text.plist.xml; path = Info.plist; sourceTree = "<group>"; };
		CBF4315D1CF60732005D80EA /* ReVineTests.xctest */ = {isa = PBXFileReference; explicitFileType = wrapper.cfbundle; includeInIndex = 0; path = ReVineTests.xctest; sourceTree = BUILT_PRODUCTS_DIR; };
		CBF431611CF60732005D80EA /* ReVineTests.swift */ = {isa = PBXFileReference; lastKnownFileType = sourcecode.swift; path = ReVineTests.swift; sourceTree = "<group>"; };
		CBF431631CF60732005D80EA /* Info.plist */ = {isa = PBXFileReference; lastKnownFileType = text.plist.xml; path = Info.plist; sourceTree = "<group>"; };
		CBF431681CF60732005D80EA /* ReVineUITests.xctest */ = {isa = PBXFileReference; explicitFileType = wrapper.cfbundle; includeInIndex = 0; path = ReVineUITests.xctest; sourceTree = BUILT_PRODUCTS_DIR; };
		CBF4316C1CF60732005D80EA /* ReVineUITests.swift */ = {isa = PBXFileReference; lastKnownFileType = sourcecode.swift; path = ReVineUITests.swift; sourceTree = "<group>"; };
		CBF4316E1CF60732005D80EA /* Info.plist */ = {isa = PBXFileReference; lastKnownFileType = text.plist.xml; path = Info.plist; sourceTree = "<group>"; };
		CBF4317A1CF607E7005D80EA /* JBFVineFeedCollectionViewController.swift */ = {isa = PBXFileReference; fileEncoding = 4; lastKnownFileType = sourcecode.swift; path = JBFVineFeedCollectionViewController.swift; sourceTree = "<group>"; };
		CBF4317C1CF60816005D80EA /* JBFVinePostCollectionViewCell.swift */ = {isa = PBXFileReference; fileEncoding = 4; lastKnownFileType = sourcecode.swift; path = JBFVinePostCollectionViewCell.swift; sourceTree = "<group>"; };
		CBF4317E1CF60826005D80EA /* JBFVinePost.swift */ = {isa = PBXFileReference; fileEncoding = 4; lastKnownFileType = sourcecode.swift; path = JBFVinePost.swift; sourceTree = "<group>"; };
		D8800B15AAC8B3C8A9AE25F7 /* Pods_ReVine.framework */ = {isa = PBXFileReference; explicitFileType = wrapper.framework; includeInIndex = 0; path = Pods_ReVine.framework; sourceTree = BUILT_PRODUCTS_DIR; };
/* End PBXFileReference section */

/* Begin PBXFrameworksBuildPhase section */
		CBF431461CF60732005D80EA /* Frameworks */ = {
			isa = PBXFrameworksBuildPhase;
			buildActionMask = 2147483647;
			files = (
				DC9ADFED065C5B2D8DD18198 /* Pods_ReVine.framework in Frameworks */,
			);
			runOnlyForDeploymentPostprocessing = 0;
		};
		CBF4315A1CF60732005D80EA /* Frameworks */ = {
			isa = PBXFrameworksBuildPhase;
			buildActionMask = 2147483647;
			files = (
			);
			runOnlyForDeploymentPostprocessing = 0;
		};
		CBF431651CF60732005D80EA /* Frameworks */ = {
			isa = PBXFrameworksBuildPhase;
			buildActionMask = 2147483647;
			files = (
			);
			runOnlyForDeploymentPostprocessing = 0;
		};
/* End PBXFrameworksBuildPhase section */

/* Begin PBXGroup section */
		3F5E7B99B541E9C6C95ACEBB /* Frameworks */ = {
			isa = PBXGroup;
			children = (
				D8800B15AAC8B3C8A9AE25F7 /* Pods_ReVine.framework */,
			);
			name = Frameworks;
			sourceTree = "<group>";
		};
		A87A5E1561D7895B53869C83 /* Pods */ = {
			isa = PBXGroup;
			children = (
				11E15886168999BA4099760C /* Pods-ReVine.debug.xcconfig */,
				680CBB7E7357DB348E82E6AD /* Pods-ReVine.release.xcconfig */,
			);
			name = Pods;
			sourceTree = "<group>";
		};
		CBF431401CF60732005D80EA = {
			isa = PBXGroup;
			children = (
				CBF4314B1CF60732005D80EA /* ReVine */,
				CBF431601CF60732005D80EA /* ReVineTests */,
				CBF4316B1CF60732005D80EA /* ReVineUITests */,
				CBF4314A1CF60732005D80EA /* Products */,
				A87A5E1561D7895B53869C83 /* Pods */,
				3F5E7B99B541E9C6C95ACEBB /* Frameworks */,
			);
			sourceTree = "<group>";
		};
		CBF4314A1CF60732005D80EA /* Products */ = {
			isa = PBXGroup;
			children = (
				CBF431491CF60732005D80EA /* ReVine.app */,
				CBF4315D1CF60732005D80EA /* ReVineTests.xctest */,
				CBF431681CF60732005D80EA /* ReVineUITests.xctest */,
			);
			name = Products;
			sourceTree = "<group>";
		};
		CBF4314B1CF60732005D80EA /* ReVine */ = {
			isa = PBXGroup;
			children = (
				CBF4314C1CF60732005D80EA /* AppDelegate.swift */,
				CBF4317E1CF60826005D80EA /* JBFVinePost.swift */,
				CB11B0E11CF76E7A0009B927 /* JBFLoginViewController.swift */,
				CBF4317A1CF607E7005D80EA /* JBFVineFeedCollectionViewController.swift */,
				CBF4317C1CF60816005D80EA /* JBFVinePostCollectionViewCell.swift */,
				CB11B0DB1CF76CAB0009B927 /* JBFVineClient.h */,
				CB11B0DC1CF76CAB0009B927 /* JBFVineClient.m */,
				CB11B0DE1CF76CCD0009B927 /* JBFVine.h */,
				CB11B0DF1CF76CCD0009B927 /* JBFVine.m */,
				CBF431501CF60732005D80EA /* Main.storyboard */,
				CBF431531CF60732005D80EA /* Assets.xcassets */,
				CBF431551CF60732005D80EA /* LaunchScreen.storyboard */,
				CBF431581CF60732005D80EA /* Info.plist */,
				CB11B0DA1CF76CAB0009B927 /* ReVine-Bridging-Header.h */,
			);
			path = ReVine;
			sourceTree = "<group>";
		};
		CBF431601CF60732005D80EA /* ReVineTests */ = {
			isa = PBXGroup;
			children = (
				CBF431611CF60732005D80EA /* ReVineTests.swift */,
				CBF431631CF60732005D80EA /* Info.plist */,
			);
			path = ReVineTests;
			sourceTree = "<group>";
		};
		CBF4316B1CF60732005D80EA /* ReVineUITests */ = {
			isa = PBXGroup;
			children = (
				CBF4316C1CF60732005D80EA /* ReVineUITests.swift */,
				CBF4316E1CF60732005D80EA /* Info.plist */,
			);
			path = ReVineUITests;
			sourceTree = "<group>";
		};
/* End PBXGroup section */

/* Begin PBXNativeTarget section */
		CBF431481CF60732005D80EA /* ReVine */ = {
			isa = PBXNativeTarget;
			buildConfigurationList = CBF431711CF60732005D80EA /* Build configuration list for PBXNativeTarget "ReVine" */;
			buildPhases = (
				C11E819481DC7C562FA57339 /* Check Pods Manifest.lock */,
				CBF431451CF60732005D80EA /* Sources */,
				CBF431461CF60732005D80EA /* Frameworks */,
				CBF431471CF60732005D80EA /* Resources */,
				6FE06F27B8E5CC2446048B29 /* Embed Pods Frameworks */,
				E9884EE9EC2A9C1E6878A1E1 /* Copy Pods Resources */,
			);
			buildRules = (
			);
			dependencies = (
			);
			name = ReVine;
			productName = ReVine;
			productReference = CBF431491CF60732005D80EA /* ReVine.app */;
			productType = "com.apple.product-type.application";
		};
		CBF4315C1CF60732005D80EA /* ReVineTests */ = {
			isa = PBXNativeTarget;
			buildConfigurationList = CBF431741CF60732005D80EA /* Build configuration list for PBXNativeTarget "ReVineTests" */;
			buildPhases = (
				CBF431591CF60732005D80EA /* Sources */,
				CBF4315A1CF60732005D80EA /* Frameworks */,
				CBF4315B1CF60732005D80EA /* Resources */,
			);
			buildRules = (
			);
			dependencies = (
				CBF4315F1CF60732005D80EA /* PBXTargetDependency */,
			);
			name = ReVineTests;
			productName = ReVineTests;
			productReference = CBF4315D1CF60732005D80EA /* ReVineTests.xctest */;
			productType = "com.apple.product-type.bundle.unit-test";
		};
		CBF431671CF60732005D80EA /* ReVineUITests */ = {
			isa = PBXNativeTarget;
			buildConfigurationList = CBF431771CF60732005D80EA /* Build configuration list for PBXNativeTarget "ReVineUITests" */;
			buildPhases = (
				CBF431641CF60732005D80EA /* Sources */,
				CBF431651CF60732005D80EA /* Frameworks */,
				CBF431661CF60732005D80EA /* Resources */,
			);
			buildRules = (
			);
			dependencies = (
				CBF4316A1CF60732005D80EA /* PBXTargetDependency */,
			);
			name = ReVineUITests;
			productName = ReVineUITests;
			productReference = CBF431681CF60732005D80EA /* ReVineUITests.xctest */;
			productType = "com.apple.product-type.bundle.ui-testing";
		};
/* End PBXNativeTarget section */

/* Begin PBXProject section */
		CBF431411CF60732005D80EA /* Project object */ = {
			isa = PBXProject;
			attributes = {
				LastSwiftUpdateCheck = 0730;
				LastUpgradeCheck = 0730;
				ORGANIZATIONNAME = JBF;
				TargetAttributes = {
					CBF431481CF60732005D80EA = {
						CreatedOnToolsVersion = 7.3.1;
					};
					CBF4315C1CF60732005D80EA = {
						CreatedOnToolsVersion = 7.3.1;
						TestTargetID = CBF431481CF60732005D80EA;
					};
					CBF431671CF60732005D80EA = {
						CreatedOnToolsVersion = 7.3.1;
						TestTargetID = CBF431481CF60732005D80EA;
					};
				};
			};
			buildConfigurationList = CBF431441CF60732005D80EA /* Build configuration list for PBXProject "ReVine" */;
			compatibilityVersion = "Xcode 3.2";
			developmentRegion = English;
			hasScannedForEncodings = 0;
			knownRegions = (
				en,
				Base,
			);
			mainGroup = CBF431401CF60732005D80EA;
			productRefGroup = CBF4314A1CF60732005D80EA /* Products */;
			projectDirPath = "";
			projectRoot = "";
			targets = (
				CBF431481CF60732005D80EA /* ReVine */,
				CBF4315C1CF60732005D80EA /* ReVineTests */,
				CBF431671CF60732005D80EA /* ReVineUITests */,
			);
		};
/* End PBXProject section */

/* Begin PBXResourcesBuildPhase section */
		CBF431471CF60732005D80EA /* Resources */ = {
			isa = PBXResourcesBuildPhase;
			buildActionMask = 2147483647;
			files = (
				CBF431571CF60732005D80EA /* LaunchScreen.storyboard in Resources */,
				CBF431541CF60732005D80EA /* Assets.xcassets in Resources */,
				CBF431521CF60732005D80EA /* Main.storyboard in Resources */,
			);
			runOnlyForDeploymentPostprocessing = 0;
		};
		CBF4315B1CF60732005D80EA /* Resources */ = {
			isa = PBXResourcesBuildPhase;
			buildActionMask = 2147483647;
			files = (
			);
			runOnlyForDeploymentPostprocessing = 0;
		};
		CBF431661CF60732005D80EA /* Resources */ = {
			isa = PBXResourcesBuildPhase;
			buildActionMask = 2147483647;
			files = (
			);
			runOnlyForDeploymentPostprocessing = 0;
		};
/* End PBXResourcesBuildPhase section */

/* Begin PBXShellScriptBuildPhase section */
		6FE06F27B8E5CC2446048B29 /* Embed Pods Frameworks */ = {
			isa = PBXShellScriptBuildPhase;
			buildActionMask = 2147483647;
			files = (
			);
			inputPaths = (
			);
			name = "Embed Pods Frameworks";
			outputPaths = (
			);
			runOnlyForDeploymentPostprocessing = 0;
			shellPath = /bin/sh;
			shellScript = "\"${SRCROOT}/Pods/Target Support Files/Pods-ReVine/Pods-ReVine-frameworks.sh\"\n";
			showEnvVarsInLog = 0;
		};
		C11E819481DC7C562FA57339 /* Check Pods Manifest.lock */ = {
			isa = PBXShellScriptBuildPhase;
			buildActionMask = 2147483647;
			files = (
			);
			inputPaths = (
			);
			name = "Check Pods Manifest.lock";
			outputPaths = (
			);
			runOnlyForDeploymentPostprocessing = 0;
			shellPath = /bin/sh;
			shellScript = "diff \"${PODS_ROOT}/../Podfile.lock\" \"${PODS_ROOT}/Manifest.lock\" > /dev/null\nif [[ $? != 0 ]] ; then\n    cat << EOM\nerror: The sandbox is not in sync with the Podfile.lock. Run 'pod install' or update your CocoaPods installation.\nEOM\n    exit 1\nfi\n";
			showEnvVarsInLog = 0;
		};
		E9884EE9EC2A9C1E6878A1E1 /* Copy Pods Resources */ = {
			isa = PBXShellScriptBuildPhase;
			buildActionMask = 2147483647;
			files = (
			);
			inputPaths = (
			);
			name = "Copy Pods Resources";
			outputPaths = (
			);
			runOnlyForDeploymentPostprocessing = 0;
			shellPath = /bin/sh;
			shellScript = "\"${SRCROOT}/Pods/Target Support Files/Pods-ReVine/Pods-ReVine-resources.sh\"\n";
			showEnvVarsInLog = 0;
		};
/* End PBXShellScriptBuildPhase section */

/* Begin PBXSourcesBuildPhase section */
		CBF431451CF60732005D80EA /* Sources */ = {
			isa = PBXSourcesBuildPhase;
			buildActionMask = 2147483647;
			files = (
				CBF4317D1CF60816005D80EA /* JBFVinePostCollectionViewCell.swift in Sources */,
				CBF4314D1CF60732005D80EA /* AppDelegate.swift in Sources */,
				CB11B0E01CF76CCD0009B927 /* JBFVine.m in Sources */,
				CBF4317F1CF60826005D80EA /* JBFVinePost.swift in Sources */,
				CB11B0DD1CF76CAB0009B927 /* JBFVineClient.m in Sources */,
				CBF4317B1CF607E7005D80EA /* JBFVineFeedCollectionViewController.swift in Sources */,
				CB11B0E21CF76E7A0009B927 /* JBFLoginViewController.swift in Sources */,
			);
			runOnlyForDeploymentPostprocessing = 0;
		};
		CBF431591CF60732005D80EA /* Sources */ = {
			isa = PBXSourcesBuildPhase;
			buildActionMask = 2147483647;
			files = (
				CBF431621CF60732005D80EA /* ReVineTests.swift in Sources */,
			);
			runOnlyForDeploymentPostprocessing = 0;
		};
		CBF431641CF60732005D80EA /* Sources */ = {
			isa = PBXSourcesBuildPhase;
			buildActionMask = 2147483647;
			files = (
				CBF4316D1CF60732005D80EA /* ReVineUITests.swift in Sources */,
			);
			runOnlyForDeploymentPostprocessing = 0;
		};
/* End PBXSourcesBuildPhase section */

/* Begin PBXTargetDependency section */
		CBF4315F1CF60732005D80EA /* PBXTargetDependency */ = {
			isa = PBXTargetDependency;
			target = CBF431481CF60732005D80EA /* ReVine */;
			targetProxy = CBF4315E1CF60732005D80EA /* PBXContainerItemProxy */;
		};
		CBF4316A1CF60732005D80EA /* PBXTargetDependency */ = {
			isa = PBXTargetDependency;
			target = CBF431481CF60732005D80EA /* ReVine */;
			targetProxy = CBF431691CF60732005D80EA /* PBXContainerItemProxy */;
		};
/* End PBXTargetDependency section */

/* Begin PBXVariantGroup section */
		CBF431501CF60732005D80EA /* Main.storyboard */ = {
			isa = PBXVariantGroup;
			children = (
				CBF431511CF60732005D80EA /* Base */,
			);
			name = Main.storyboard;
			sourceTree = "<group>";
		};
		CBF431551CF60732005D80EA /* LaunchScreen.storyboard */ = {
			isa = PBXVariantGroup;
			children = (
				CBF431561CF60732005D80EA /* Base */,
			);
			name = LaunchScreen.storyboard;
			sourceTree = "<group>";
		};
/* End PBXVariantGroup section */

/* Begin XCBuildConfiguration section */
		CBF4316F1CF60732005D80EA /* Debug */ = {
			isa = XCBuildConfiguration;
			buildSettings = {
				ALWAYS_SEARCH_USER_PATHS = NO;
				CLANG_ANALYZER_NONNULL = YES;
				CLANG_CXX_LANGUAGE_STANDARD = "gnu++0x";
				CLANG_CXX_LIBRARY = "libc++";
				CLANG_ENABLE_MODULES = YES;
				CLANG_ENABLE_OBJC_ARC = YES;
				CLANG_WARN_BOOL_CONVERSION = YES;
				CLANG_WARN_CONSTANT_CONVERSION = YES;
				CLANG_WARN_DIRECT_OBJC_ISA_USAGE = YES_ERROR;
				CLANG_WARN_EMPTY_BODY = YES;
				CLANG_WARN_ENUM_CONVERSION = YES;
				CLANG_WARN_INT_CONVERSION = YES;
				CLANG_WARN_OBJC_ROOT_CLASS = YES_ERROR;
				CLANG_WARN_UNREACHABLE_CODE = YES;
				CLANG_WARN__DUPLICATE_METHOD_MATCH = YES;
				"CODE_SIGN_IDENTITY[sdk=iphoneos*]" = "iPhone Developer";
				COPY_PHASE_STRIP = NO;
				DEBUG_INFORMATION_FORMAT = dwarf;
				ENABLE_STRICT_OBJC_MSGSEND = YES;
				ENABLE_TESTABILITY = YES;
				GCC_C_LANGUAGE_STANDARD = gnu99;
				GCC_DYNAMIC_NO_PIC = NO;
				GCC_NO_COMMON_BLOCKS = YES;
				GCC_OPTIMIZATION_LEVEL = 0;
				GCC_PREPROCESSOR_DEFINITIONS = (
					"DEBUG=1",
					"$(inherited)",
				);
				GCC_WARN_64_TO_32_BIT_CONVERSION = YES;
				GCC_WARN_ABOUT_RETURN_TYPE = YES_ERROR;
				GCC_WARN_UNDECLARED_SELECTOR = YES;
				GCC_WARN_UNINITIALIZED_AUTOS = YES_AGGRESSIVE;
				GCC_WARN_UNUSED_FUNCTION = YES;
				GCC_WARN_UNUSED_VARIABLE = YES;
				IPHONEOS_DEPLOYMENT_TARGET = 9.3;
				MTL_ENABLE_DEBUG_INFO = YES;
				ONLY_ACTIVE_ARCH = YES;
				SDKROOT = iphoneos;
				SWIFT_OPTIMIZATION_LEVEL = "-Onone";
			};
			name = Debug;
		};
		CBF431701CF60732005D80EA /* Release */ = {
			isa = XCBuildConfiguration;
			buildSettings = {
				ALWAYS_SEARCH_USER_PATHS = NO;
				CLANG_ANALYZER_NONNULL = YES;
				CLANG_CXX_LANGUAGE_STANDARD = "gnu++0x";
				CLANG_CXX_LIBRARY = "libc++";
				CLANG_ENABLE_MODULES = YES;
				CLANG_ENABLE_OBJC_ARC = YES;
				CLANG_WARN_BOOL_CONVERSION = YES;
				CLANG_WARN_CONSTANT_CONVERSION = YES;
				CLANG_WARN_DIRECT_OBJC_ISA_USAGE = YES_ERROR;
				CLANG_WARN_EMPTY_BODY = YES;
				CLANG_WARN_ENUM_CONVERSION = YES;
				CLANG_WARN_INT_CONVERSION = YES;
				CLANG_WARN_OBJC_ROOT_CLASS = YES_ERROR;
				CLANG_WARN_UNREACHABLE_CODE = YES;
				CLANG_WARN__DUPLICATE_METHOD_MATCH = YES;
				"CODE_SIGN_IDENTITY[sdk=iphoneos*]" = "iPhone Developer";
				COPY_PHASE_STRIP = NO;
				DEBUG_INFORMATION_FORMAT = "dwarf-with-dsym";
				ENABLE_NS_ASSERTIONS = NO;
				ENABLE_STRICT_OBJC_MSGSEND = YES;
				GCC_C_LANGUAGE_STANDARD = gnu99;
				GCC_NO_COMMON_BLOCKS = YES;
				GCC_WARN_64_TO_32_BIT_CONVERSION = YES;
				GCC_WARN_ABOUT_RETURN_TYPE = YES_ERROR;
				GCC_WARN_UNDECLARED_SELECTOR = YES;
				GCC_WARN_UNINITIALIZED_AUTOS = YES_AGGRESSIVE;
				GCC_WARN_UNUSED_FUNCTION = YES;
				GCC_WARN_UNUSED_VARIABLE = YES;
				IPHONEOS_DEPLOYMENT_TARGET = 9.3;
				MTL_ENABLE_DEBUG_INFO = NO;
				SDKROOT = iphoneos;
				VALIDATE_PRODUCT = YES;
			};
			name = Release;
		};
		CBF431721CF60732005D80EA /* Debug */ = {
			isa = XCBuildConfiguration;
			baseConfigurationReference = 11E15886168999BA4099760C /* Pods-ReVine.debug.xcconfig */;
			buildSettings = {
				ASSETCATALOG_COMPILER_APPICON_NAME = AppIcon;
				CLANG_ENABLE_MODULES = YES;
				INFOPLIST_FILE = ReVine/Info.plist;
				IPHONEOS_DEPLOYMENT_TARGET = 9.0;
				LD_RUNPATH_SEARCH_PATHS = "$(inherited) @executable_path/Frameworks";
				PRODUCT_BUNDLE_IDENTIFIER = com.JBF.ReVine;
				PRODUCT_NAME = "$(TARGET_NAME)";
				SWIFT_OBJC_BRIDGING_HEADER = "ReVine/ReVine-Bridging-Header.h";
				SWIFT_OPTIMIZATION_LEVEL = "-Onone";
			};
			name = Debug;
		};
		CBF431731CF60732005D80EA /* Release */ = {
			isa = XCBuildConfiguration;
			baseConfigurationReference = 680CBB7E7357DB348E82E6AD /* Pods-ReVine.release.xcconfig */;
			buildSettings = {
				ASSETCATALOG_COMPILER_APPICON_NAME = AppIcon;
				CLANG_ENABLE_MODULES = YES;
				INFOPLIST_FILE = ReVine/Info.plist;
				IPHONEOS_DEPLOYMENT_TARGET = 9.0;
				LD_RUNPATH_SEARCH_PATHS = "$(inherited) @executable_path/Frameworks";
				PRODUCT_BUNDLE_IDENTIFIER = com.JBF.ReVine;
				PRODUCT_NAME = "$(TARGET_NAME)";
				SWIFT_OBJC_BRIDGING_HEADER = "ReVine/ReVine-Bridging-Header.h";
			};
			name = Release;
		};
		CBF431751CF60732005D80EA /* Debug */ = {
			isa = XCBuildConfiguration;
			buildSettings = {
				BUNDLE_LOADER = "$(TEST_HOST)";
				INFOPLIST_FILE = ReVineTests/Info.plist;
				LD_RUNPATH_SEARCH_PATHS = "$(inherited) @executable_path/Frameworks @loader_path/Frameworks";
				PRODUCT_BUNDLE_IDENTIFIER = JBF.ReVineTests;
				PRODUCT_NAME = "$(TARGET_NAME)";
				TEST_HOST = "$(BUILT_PRODUCTS_DIR)/ReVine.app/ReVine";
			};
			name = Debug;
		};
		CBF431761CF60732005D80EA /* Release */ = {
			isa = XCBuildConfiguration;
			buildSettings = {
				BUNDLE_LOADER = "$(TEST_HOST)";
				INFOPLIST_FILE = ReVineTests/Info.plist;
				LD_RUNPATH_SEARCH_PATHS = "$(inherited) @executable_path/Frameworks @loader_path/Frameworks";
				PRODUCT_BUNDLE_IDENTIFIER = JBF.ReVineTests;
				PRODUCT_NAME = "$(TARGET_NAME)";
				TEST_HOST = "$(BUILT_PRODUCTS_DIR)/ReVine.app/ReVine";
			};
			name = Release;
		};
		CBF431781CF60732005D80EA /* Debug */ = {
			isa = XCBuildConfiguration;
			buildSettings = {
				INFOPLIST_FILE = ReVineUITests/Info.plist;
				LD_RUNPATH_SEARCH_PATHS = "$(inherited) @executable_path/Frameworks @loader_path/Frameworks";
				PRODUCT_BUNDLE_IDENTIFIER = JBF.ReVineUITests;
				PRODUCT_NAME = "$(TARGET_NAME)";
				TEST_TARGET_NAME = ReVine;
			};
			name = Debug;
		};
		CBF431791CF60732005D80EA /* Release */ = {
			isa = XCBuildConfiguration;
			buildSettings = {
				INFOPLIST_FILE = ReVineUITests/Info.plist;
				LD_RUNPATH_SEARCH_PATHS = "$(inherited) @executable_path/Frameworks @loader_path/Frameworks";
				PRODUCT_BUNDLE_IDENTIFIER = JBF.ReVineUITests;
				PRODUCT_NAME = "$(TARGET_NAME)";
				TEST_TARGET_NAME = ReVine;
			};
			name = Release;
		};
/* End XCBuildConfiguration section */

/* Begin XCConfigurationList section */
		CBF431441CF60732005D80EA /* Build configuration list for PBXProject "ReVine" */ = {
			isa = XCConfigurationList;
			buildConfigurations = (
				CBF4316F1CF60732005D80EA /* Debug */,
				CBF431701CF60732005D80EA /* Release */,
			);
			defaultConfigurationIsVisible = 0;
			defaultConfigurationName = Release;
		};
		CBF431711CF60732005D80EA /* Build configuration list for PBXNativeTarget "ReVine" */ = {
			isa = XCConfigurationList;
			buildConfigurations = (
				CBF431721CF60732005D80EA /* Debug */,
				CBF431731CF60732005D80EA /* Release */,
			);
			defaultConfigurationIsVisible = 0;
			defaultConfigurationName = Release;
		};
		CBF431741CF60732005D80EA /* Build configuration list for PBXNativeTarget "ReVineTests" */ = {
			isa = XCConfigurationList;
			buildConfigurations = (
				CBF431751CF60732005D80EA /* Debug */,
				CBF431761CF60732005D80EA /* Release */,
			);
			defaultConfigurationIsVisible = 0;
			defaultConfigurationName = Release;
		};
		CBF431771CF60732005D80EA /* Build configuration list for PBXNativeTarget "ReVineUITests" */ = {
			isa = XCConfigurationList;
			buildConfigurations = (
				CBF431781CF60732005D80EA /* Debug */,
				CBF431791CF60732005D80EA /* Release */,
			);
			defaultConfigurationIsVisible = 0;
			defaultConfigurationName = Release;
		};
/* End XCConfigurationList section */
	};
	rootObject = CBF431411CF60732005D80EA /* Project object */;
}
